
Microsoft Visual Studio Solution File, Format Version 12.00
# Visual Studio Version 16
VisualStudioVersion = 16.0.29215.179
MinimumVisualStudioVersion = 10.0.40219.1
Project("{8BC9CEB8-8B4A-11D0-8D11-00A0C91BC942}") = "vs2019", "vs2019.vcxproj", "{BF90D5E8-7484-46EE-9DDD-74CBA807A830}"
EndProject
Project("{8BC9CEB8-8B4A-11D0-8D11-00A0C91BC942}") = "WinTest", "..\WinTest\WinTest.vcxproj", "{4E5B3439-36EC-40B1-BB22-8C88B9629751}"
EndProject
Global
	GlobalSection(SolutionConfigurationPlatforms) = preSolution
		Debug|ARM = Debug|ARM
		Debug|x64 = Debug|x64
		Debug|x86 = Debug|x86
		Release|ARM = Release|ARM
		Release|x64 = Release|x64
		Release|x86 = Release|x86
	EndGlobalSection
	GlobalSection(ProjectConfigurationPlatforms) = postSolution
		{BF90D5E8-7484-46EE-9DDD-74CBA807A830}.Debug|ARM.ActiveCfg = Debug|ARM
		{BF90D5E8-7484-46EE-9DDD-74CBA807A830}.Debug|ARM.Build.0 = Debug|ARM
		{BF90D5E8-7484-46EE-9DDD-74CBA807A830}.Debug|x64.ActiveCfg = Debug|ARM
		{BF90D5E8-7484-46EE-9DDD-74CBA807A830}.Debug|x86.ActiveCfg = Debug|ARM
		{BF90D5E8-7484-46EE-9DDD-74CBA807A830}.Release|ARM.ActiveCfg = Release|ARM
		{BF90D5E8-7484-46EE-9DDD-74CBA807A830}.Release|ARM.Build.0 = Release|ARM
		{BF90D5E8-7484-46EE-9DDD-74CBA807A830}.Release|x64.ActiveCfg = Release|ARM
		{BF90D5E8-7484-46EE-9DDD-74CBA807A830}.Release|x86.ActiveCfg = Release|ARM
		{4E5B3439-36EC-40B1-BB22-8C88B9629751}.Debug|ARM.ActiveCfg = Debug|Win32
		{4E5B3439-36EC-40B1-BB22-8C88B9629751}.Debug|x64.ActiveCfg = Debug|x64
		{4E5B3439-36EC-40B1-BB22-8C88B9629751}.Debug|x64.Build.0 = Debug|x64
		{4E5B3439-36EC-40B1-BB22-8C88B9629751}.Debug|x86.ActiveCfg = Debug|Win32
		{4E5B3439-36EC-40B1-BB22-8C88B9629751}.Debug|x86.Build.0 = Debug|Win32
		{4E5B3439-36EC-40B1-BB22-8C88B9629751}.Release|ARM.ActiveCfg = Release|Win32
		{4E5B3439-36EC-40B1-BB22-8C88B9629751}.Release|x64.ActiveCfg = Release|x64
		{4E5B3439-36EC-40B1-BB22-8C88B9629751}.Release|x64.Build.0 = Release|x64
		{4E5B3439-36EC-40B1-BB22-8C88B9629751}.Release|x86.ActiveCfg = Release|Win32
		{4E5B3439-36EC-40B1-BB22-8C88B9629751}.Release|x86.Build.0 = Release|Win32
	EndGlobalSection
	GlobalSection(SolutionProperties) = preSolution
		HideSolutionNode = FALSE
	EndGlobalSection
	GlobalSection(ExtensibilityGlobals) = postSolution
		SolutionGuid = {8396697C-8793-413A-B249-586CE007F485}
	EndGlobalSection
EndGlobal
